
Microsoft Visual Studio Solution File, Format Version 12.00
Project("{FAE04EC0-301F-11D3-BF4B-00C04F79EFBC}") = "Ultimo problema", "Ultimo problema\Ultimo problema.csproj", "{D39B90C3-B04F-4AA2-B7A1-F064504747B4}"
EndProject
Global
	GlobalSection(SolutionConfigurationPlatforms) = preSolution
		Debug|Any CPU = Debug|Any CPU
		Release|Any CPU = Release|Any CPU
	EndGlobalSection
	GlobalSection(ProjectConfigurationPlatforms) = postSolution
		{D39B90C3-B04F-4AA2-B7A1-F064504747B4}.Debug|Any CPU.ActiveCfg = Debug|Any CPU
		{D39B90C3-B04F-4AA2-B7A1-F064504747B4}.Debug|Any CPU.Build.0 = Debug|Any CPU
		{D39B90C3-B04F-4AA2-B7A1-F064504747B4}.Release|Any CPU.ActiveCfg = Release|Any CPU
		{D39B90C3-B04F-4AA2-B7A1-F064504747B4}.Release|Any CPU.Build.0 = Release|Any CPU
	EndGlobalSection
EndGlobal
