
Microsoft Visual Studio Solution File, Format Version 12.00
Project("{FAE04EC0-301F-11D3-BF4B-00C04F79EFBC}") = "Establecimiento_educativo", "Establecimiento_educativo\Establecimiento_educativo.csproj", "{18E7D667-0291-452D-81C3-75C45EE7748C}"
EndProject
Global
	GlobalSection(SolutionConfigurationPlatforms) = preSolution
		Debug|Any CPU = Debug|Any CPU
		Release|Any CPU = Release|Any CPU
	EndGlobalSection
	GlobalSection(ProjectConfigurationPlatforms) = postSolution
		{18E7D667-0291-452D-81C3-75C45EE7748C}.Debug|Any CPU.ActiveCfg = Debug|Any CPU
		{18E7D667-0291-452D-81C3-75C45EE7748C}.Debug|Any CPU.Build.0 = Debug|Any CPU
		{18E7D667-0291-452D-81C3-75C45EE7748C}.Release|Any CPU.ActiveCfg = Release|Any CPU
		{18E7D667-0291-452D-81C3-75C45EE7748C}.Release|Any CPU.Build.0 = Release|Any CPU
	EndGlobalSection
EndGlobal
