
Microsoft Visual Studio Solution File, Format Version 12.00
Project("{FAE04EC0-301F-11D3-BF4B-00C04F79EFBC}") = "Practica_1", "Practica_1\Practica_1.csproj", "{46F4D05B-B07E-457E-8B46-C33A0C241605}"
EndProject
Global
	GlobalSection(SolutionConfigurationPlatforms) = preSolution
		Debug|Any CPU = Debug|Any CPU
		Release|Any CPU = Release|Any CPU
	EndGlobalSection
	GlobalSection(ProjectConfigurationPlatforms) = postSolution
		{46F4D05B-B07E-457E-8B46-C33A0C241605}.Debug|Any CPU.ActiveCfg = Debug|Any CPU
		{46F4D05B-B07E-457E-8B46-C33A0C241605}.Debug|Any CPU.Build.0 = Debug|Any CPU
		{46F4D05B-B07E-457E-8B46-C33A0C241605}.Release|Any CPU.ActiveCfg = Release|Any CPU
		{46F4D05B-B07E-457E-8B46-C33A0C241605}.Release|Any CPU.Build.0 = Release|Any CPU
	EndGlobalSection
EndGlobal
